
Microsoft Visual Studio Solution File, Format Version 12.00
# Visual Studio Version 16
VisualStudioVersion = 16.0.29613.14
MinimumVisualStudioVersion = 10.0.40219.1
Project("{9A19103F-16F7-4668-BE54-9A1E7A4F7556}") = "Core", "Core\Core.csproj", "{4296A2D1-81A9-4D14-8F33-D0E3272F1981}"
EndProject
Global
	GlobalSection(SolutionConfigurationPlatforms) = preSolution
		Debug|Any CPU = Debug|Any CPU
		Release|Any CPU = Release|Any CPU
	EndGlobalSection
	GlobalSection(ProjectConfigurationPlatforms) = postSolution
		{4296A2D1-81A9-4D14-8F33-D0E3272F1981}.Debug|Any CPU.ActiveCfg = Debug|Any CPU
		{4296A2D1-81A9-4D14-8F33-D0E3272F1981}.Debug|Any CPU.Build.0 = Debug|Any CPU
		{4296A2D1-81A9-4D14-8F33-D0E3272F1981}.Release|Any CPU.ActiveCfg = Release|Any CPU
		{4296A2D1-81A9-4D14-8F33-D0E3272F1981}.Release|Any CPU.Build.0 = Release|Any CPU
	EndGlobalSection
	GlobalSection(SolutionProperties) = preSolution
		HideSolutionNode = FALSE
	EndGlobalSection
	GlobalSection(ExtensibilityGlobals) = postSolution
		SolutionGuid = {2457C8E4-33BF-4E22-A6AF-F2476E927471}
	EndGlobalSection
EndGlobal
